// !$*UTF8*$!
{
	archiveVersion = 1;
	classes = {
	};
	objectVersion = 46;
	objects = {

/* Begin PBXBuildFile section */
		3CCF45B61AB279430033DD45 /* AppDelegate.swift in Sources */ = {isa = PBXBuildFile; fileRef = 3CCF45B51AB279430033DD45 /* AppDelegate.swift */; };
		3CCF45B81AB279430033DD45 /* ViewController.swift in Sources */ = {isa = PBXBuildFile; fileRef = 3CCF45B71AB279430033DD45 /* ViewController.swift */; };
		3CCF45BB1AB279430033DD45 /* Main.storyboard in Resources */ = {isa = PBXBuildFile; fileRef = 3CCF45B91AB279430033DD45 /* Main.storyboard */; };
		3CCF45BD1AB279430033DD45 /* Images.xcassets in Resources */ = {isa = PBXBuildFile; fileRef = 3CCF45BC1AB279430033DD45 /* Images.xcassets */; };
		3CCF45C01AB279430033DD45 /* LaunchScreen.xib in Resources */ = {isa = PBXBuildFile; fileRef = 3CCF45BE1AB279430033DD45 /* LaunchScreen.xib */; };
		3CCF45CC1AB279430033DD45 /* MyContactsTests.swift in Sources */ = {isa = PBXBuildFile; fileRef = 3CCF45CB1AB279430033DD45 /* MyContactsTests.swift */; };
/* End PBXBuildFile section */

/* Begin PBXContainerItemProxy section */
		3CCF45C61AB279430033DD45 /* PBXContainerItemProxy */ = {
			isa = PBXContainerItemProxy;
			containerPortal = 3CCF45A81AB279430033DD45 /* Project object */;
			proxyType = 1;
			remoteGlobalIDString = 3CCF45AF1AB279430033DD45;
			remoteInfo = MyContacts;
		};
/* End PBXContainerItemProxy section */

/* Begin PBXFileReference section */
		3CCF45B01AB279430033DD45 /* MyContacts.app */ = {isa = PBXFileReference; explicitFileType = wrapper.application; includeInIndex = 0; path = MyContacts.app; sourceTree = BUILT_PRODUCTS_DIR; };
		3CCF45B41AB279430033DD45 /* Info.plist */ = {isa = PBXFileReference; lastKnownFileType = text.plist.xml; path = Info.plist; sourceTree = "<group>"; };
		3CCF45B51AB279430033DD45 /* AppDelegate.swift */ = {isa = PBXFileReference; lastKnownFileType = sourcecode.swift; path = AppDelegate.swift; sourceTree = "<group>"; };
		3CCF45B71AB279430033DD45 /* ViewController.swift */ = {isa = PBXFileReference; lastKnownFileType = sourcecode.swift; path = ViewController.swift; sourceTree = "<group>"; };
		3CCF45BA1AB279430033DD45 /* Base */ = {isa = PBXFileReference; lastKnownFileType = file.storyboard; name = Base; path = Base.lproj/Main.storyboard; sourceTree = "<group>"; };
		3CCF45BC1AB279430033DD45 /* Images.xcassets */ = {isa = PBXFileReference; lastKnownFileType = folder.assetcatalog; path = Images.xcassets; sourceTree = "<group>"; };
		3CCF45BF1AB279430033DD45 /* Base */ = {isa = PBXFileReference; lastKnownFileType = file.xib; name = Base; path = Base.lproj/LaunchScreen.xib; sourceTree = "<group>"; };
		3CCF45C51AB279430033DD45 /* MyContactsTests.xctest */ = {isa = PBXFileReference; explicitFileType = wrapper.cfbundle; includeInIndex = 0; path = MyContactsTests.xctest; sourceTree = BUILT_PRODUCTS_DIR; };
		3CCF45CA1AB279430033DD45 /* Info.plist */ = {isa = PBXFileReference; lastKnownFileType = text.plist.xml; path = Info.plist; sourceTree = "<group>"; };
		3CCF45CB1AB279430033DD45 /* MyContactsTests.swift */ = {isa = PBXFileReference; lastKnownFileType = sourcecode.swift; path = MyContactsTests.swift; sourceTree = "<group>"; };
/* End PBXFileReference section */

/* Begin PBXFrameworksBuildPhase section */
		3CCF45AD1AB279430033DD45 /* Frameworks */ = {
			isa = PBXFrameworksBuildPhase;
			buildActionMask = 2147483647;
			files = (
			);
			runOnlyForDeploymentPostprocessing = 0;
		};
		3CCF45C21AB279430033DD45 /* Frameworks */ = {
			isa = PBXFrameworksBuildPhase;
			buildActionMask = 2147483647;
			files = (
			);
			runOnlyForDeploymentPostprocessing = 0;
		};
/* End PBXFrameworksBuildPhase section */

/* Begin PBXGroup section */
		3CCF45A71AB279430033DD45 = {
			isa = PBXGroup;
			children = (
				3CCF45B21AB279430033DD45 /* MyContacts */,
				3CCF45C81AB279430033DD45 /* MyContactsTests */,
				3CCF45B11AB279430033DD45 /* Products */,
			);
			sourceTree = "<group>";
		};
		3CCF45B11AB279430033DD45 /* Products */ = {
			isa = PBXGroup;
			children = (
				3CCF45B01AB279430033DD45 /* MyContacts.app */,
				3CCF45C51AB279430033DD45 /* MyContactsTests.xctest */,
			);
			name = Products;
			sourceTree = "<group>";
		};
		3CCF45B21AB279430033DD45 /* MyContacts */ = {
			isa = PBXGroup;
			children = (
				3CCF45B51AB279430033DD45 /* AppDelegate.swift */,
				3CCF45B71AB279430033DD45 /* ViewController.swift */,
				3CCF45B91AB279430033DD45 /* Main.storyboard */,
				3CCF45BC1AB279430033DD45 /* Images.xcassets */,
				3CCF45BE1AB279430033DD45 /* LaunchScreen.xib */,
				3CCF45B31AB279430033DD45 /* Supporting Files */,
			);
			path = MyContacts;
			sourceTree = "<group>";
		};
		3CCF45B31AB279430033DD45 /* Supporting Files */ = {
			isa = PBXGroup;
			children = (
				3CCF45B41AB279430033DD45 /* Info.plist */,
			);
			name = "Supporting Files";
			sourceTree = "<group>";
		};
		3CCF45C81AB279430033DD45 /* MyContactsTests */ = {
			isa = PBXGroup;
			children = (
				3CCF45CB1AB279430033DD45 /* MyContactsTests.swift */,
				3CCF45C91AB279430033DD45 /* Supporting Files */,
			);
			path = MyContactsTests;
			sourceTree = "<group>";
		};
		3CCF45C91AB279430033DD45 /* Supporting Files */ = {
			isa = PBXGroup;
			children = (
				3CCF45CA1AB279430033DD45 /* Info.plist */,
			);
			name = "Supporting Files";
			sourceTree = "<group>";
		};
/* End PBXGroup section */

/* Begin PBXNativeTarget section */
		3CCF45AF1AB279430033DD45 /* MyContacts */ = {
			isa = PBXNativeTarget;
			buildConfigurationList = 3CCF45CF1AB279430033DD45 /* Build configuration list for PBXNativeTarget "MyContacts" */;
			buildPhases = (
				3CCF45AC1AB279430033DD45 /* Sources */,
				3CCF45AD1AB279430033DD45 /* Frameworks */,
				3CCF45AE1AB279430033DD45 /* Resources */,
			);
			buildRules = (
			);
			dependencies = (
			);
			name = MyContacts;
			productName = MyContacts;
			productReference = 3CCF45B01AB279430033DD45 /* MyContacts.app */;
			productType = "com.apple.product-type.application";
		};
		3CCF45C41AB279430033DD45 /* MyContactsTests */ = {
			isa = PBXNativeTarget;
			buildConfigurationList = 3CCF45D21AB279430033DD45 /* Build configuration list for PBXNativeTarget "MyContactsTests" */;
			buildPhases = (
				3CCF45C11AB279430033DD45 /* Sources */,
				3CCF45C21AB279430033DD45 /* Frameworks */,
				3CCF45C31AB279430033DD45 /* Resources */,
			);
			buildRules = (
			);
			dependencies = (
				3CCF45C71AB279430033DD45 /* PBXTargetDependency */,
			);
			name = MyContactsTests;
			productName = MyContactsTests;
			productReference = 3CCF45C51AB279430033DD45 /* MyContactsTests.xctest */;
			productType = "com.apple.product-type.bundle.unit-test";
		};
/* End PBXNativeTarget section */

/* Begin PBXProject section */
		3CCF45A81AB279430033DD45 /* Project object */ = {
			isa = PBXProject;
			attributes = {
				LastUpgradeCheck = 0620;
				ORGANIZATIONNAME = "Benjamin King";
				TargetAttributes = {
					3CCF45AF1AB279430033DD45 = {
						CreatedOnToolsVersion = 6.2;
					};
					3CCF45C41AB279430033DD45 = {
						CreatedOnToolsVersion = 6.2;
						TestTargetID = 3CCF45AF1AB279430033DD45;
					};
				};
			};
			buildConfigurationList = 3CCF45AB1AB279430033DD45 /* Build configuration list for PBXProject "MyContacts" */;
			compatibilityVersion = "Xcode 3.2";
			developmentRegion = English;
			hasScannedForEncodings = 0;
			knownRegions = (
				en,
				Base,
			);
			mainGroup = 3CCF45A71AB279430033DD45;
			productRefGroup = 3CCF45B11AB279430033DD45 /* Products */;
			projectDirPath = "";
			projectRoot = "";
			targets = (
				3CCF45AF1AB279430033DD45 /* MyContacts */,
				3CCF45C41AB279430033DD45 /* MyContactsTests */,
			);
		};
/* End PBXProject section */

/* Begin PBXResourcesBuildPhase section */
		3CCF45AE1AB279430033DD45 /* Resources */ = {
			isa = PBXResourcesBuildPhase;
			buildActionMask = 2147483647;
			files = (
				3CCF45BB1AB279430033DD45 /* Main.storyboard in Resources */,
				3CCF45C01AB279430033DD45 /* LaunchScreen.xib in Resources */,
				3CCF45BD1AB279430033DD45 /* Images.xcassets in Resources */,
			);
			runOnlyForDeploymentPostprocessing = 0;
		};
		3CCF45C31AB279430033DD45 /* Resources */ = {
			isa = PBXResourcesBuildPhase;
			buildActionMask = 2147483647;
			files = (
			);
			runOnlyForDeploymentPostprocessing = 0;
		};
/* End PBXResourcesBuildPhase section */

/* Begin PBXSourcesBuildPhase section */
		3CCF45AC1AB279430033DD45 /* Sources */ = {
			isa = PBXSourcesBuildPhase;
			buildActionMask = 2147483647;
			files = (
				3CCF45B81AB279430033DD45 /* ViewController.swift in Sources */,
				3CCF45B61AB279430033DD45 /* AppDelegate.swift in Sources */,
			);
			runOnlyForDeploymentPostprocessing = 0;
		};
		3CCF45C11AB279430033DD45 /* Sources */ = {
			isa = PBXSourcesBuildPhase;
			buildActionMask = 2147483647;
			files = (
				3CCF45CC1AB279430033DD45 /* MyContactsTests.swift in Sources */,
			);
			runOnlyForDeploymentPostprocessing = 0;
		};
/* End PBXSourcesBuildPhase section */

/* Begin PBXTargetDependency section */
		3CCF45C71AB279430033DD45 /* PBXTargetDependency */ = {
			isa = PBXTargetDependency;
			target = 3CCF45AF1AB279430033DD45 /* MyContacts */;
			targetProxy = 3CCF45C61AB279430033DD45 /* PBXContainerItemProxy */;
		};
/* End PBXTargetDependency section */

/* Begin PBXVariantGroup section */
		3CCF45B91AB279430033DD45 /* Main.storyboard */ = {
			isa = PBXVariantGroup;
			children = (
				3CCF45BA1AB279430033DD45 /* Base */,
			);
			name = Main.storyboard;
			sourceTree = "<group>";
		};
		3CCF45BE1AB279430033DD45 /* LaunchScreen.xib */ = {
			isa = PBXVariantGroup;
			children = (
				3CCF45BF1AB279430033DD45 /* Base */,
			);
			name = LaunchScreen.xib;
			sourceTree = "<group>";
		};
/* End PBXVariantGroup section */

/* Begin XCBuildConfiguration section */
		3CCF45CD1AB279430033DD45 /* Debug */ = {
			isa = XCBuildConfiguration;
			buildSettings = {
				ALWAYS_SEARCH_USER_PATHS = NO;
				CLANG_CXX_LANGUAGE_STANDARD = "gnu++0x";
				CLANG_CXX_LIBRARY = "libc++";
				CLANG_ENABLE_MODULES = YES;
				CLANG_ENABLE_OBJC_ARC = YES;
				CLANG_WARN_BOOL_CONVERSION = YES;
				CLANG_WARN_CONSTANT_CONVERSION = YES;
				CLANG_WARN_DIRECT_OBJC_ISA_USAGE = YES_ERROR;
				CLANG_WARN_EMPTY_BODY = YES;
				CLANG_WARN_ENUM_CONVERSION = YES;
				CLANG_WARN_INT_CONVERSION = YES;
				CLANG_WARN_OBJC_ROOT_CLASS = YES_ERROR;
				CLANG_WARN_UNREACHABLE_CODE = YES;
				CLANG_WARN__DUPLICATE_METHOD_MATCH = YES;
				"CODE_SIGN_IDENTITY[sdk=iphoneos*]" = "iPhone Developer";
				COPY_PHASE_STRIP = NO;
				ENABLE_STRICT_OBJC_MSGSEND = YES;
				GCC_C_LANGUAGE_STANDARD = gnu99;
				GCC_DYNAMIC_NO_PIC = NO;
				GCC_OPTIMIZATION_LEVEL = 0;
				GCC_PREPROCESSOR_DEFINITIONS = (
					"DEBUG=1",
					"$(inherited)",
				);
				GCC_SYMBOLS_PRIVATE_EXTERN = NO;
				GCC_WARN_64_TO_32_BIT_CONVERSION = YES;
				GCC_WARN_ABOUT_RETURN_TYPE = YES_ERROR;
				GCC_WARN_UNDECLARED_SELECTOR = YES;
				GCC_WARN_UNINITIALIZED_AUTOS = YES_AGGRESSIVE;
				GCC_WARN_UNUSED_FUNCTION = YES;
				GCC_WARN_UNUSED_VARIABLE = YES;
				IPHONEOS_DEPLOYMENT_TARGET = 8.2;
				MTL_ENABLE_DEBUG_INFO = YES;
				ONLY_ACTIVE_ARCH = YES;
				SDKROOT = iphoneos;
				SWIFT_OPTIMIZATION_LEVEL = "-Onone";
				TARGETED_DEVICE_FAMILY = "1,2";
			};
			name = Debug;
		};
		3CCF45CE1AB279430033DD45 /* Release */ = {
			isa = XCBuildConfiguration;
			buildSettings = {
				ALWAYS_SEARCH_USER_PATHS = NO;
				CLANG_CXX_LANGUAGE_STANDARD = "gnu++0x";
				CLANG_CXX_LIBRARY = "libc++";
				CLANG_ENABLE_MODULES = YES;
				CLANG_ENABLE_OBJC_ARC = YES;
				CLANG_WARN_BOOL_CONVERSION = YES;
				CLANG_WARN_CONSTANT_CONVERSION = YES;
				CLANG_WARN_DIRECT_OBJC_ISA_USAGE = YES_ERROR;
				CLANG_WARN_EMPTY_BODY = YES;
				CLANG_WARN_ENUM_CONVERSION = YES;
				CLANG_WARN_INT_CONVERSION = YES;
				CLANG_WARN_OBJC_ROOT_CLASS = YES_ERROR;
				CLANG_WARN_UNREACHABLE_CODE = YES;
				CLANG_WARN__DUPLICATE_METHOD_MATCH = YES;
				"CODE_SIGN_IDENTITY[sdk=iphoneos*]" = "iPhone Developer";
				COPY_PHASE_STRIP = NO;
				ENABLE_NS_ASSERTIONS = NO;
				ENABLE_STRICT_OBJC_MSGSEND = YES;
				GCC_C_LANGUAGE_STANDARD = gnu99;
				GCC_WARN_64_TO_32_BIT_CONVERSION = YES;
				GCC_WARN_ABOUT_RETURN_TYPE = YES_ERROR;
				GCC_WARN_UNDECLARED_SELECTOR = YES;
				GCC_WARN_UNINITIALIZED_AUTOS = YES_AGGRESSIVE;
				GCC_WARN_UNUSED_FUNCTION = YES;
				GCC_WARN_UNUSED_VARIABLE = YES;
				IPHONEOS_DEPLOYMENT_TARGET = 8.2;
				MTL_ENABLE_DEBUG_INFO = NO;
				SDKROOT = iphoneos;
				TARGETED_DEVICE_FAMILY = "1,2";
				VALIDATE_PRODUCT = YES;
			};
			name = Release;
		};
		3CCF45D01AB279430033DD45 /* Debug */ = {
			isa = XCBuildConfiguration;
			buildSettings = {
				ASSETCATALOG_COMPILER_APPICON_NAME = AppIcon;
				INFOPLIST_FILE = MyContacts/Info.plist;
				LD_RUNPATH_SEARCH_PATHS = "$(inherited) @executable_path/Frameworks";
				PRODUCT_NAME = "$(TARGET_NAME)";
			};
			name = Debug;
		};
		3CCF45D11AB279430033DD45 /* Release */ = {
			isa = XCBuildConfiguration;
			buildSettings = {
				ASSETCATALOG_COMPILER_APPICON_NAME = AppIcon;
				INFOPLIST_FILE = MyContacts/Info.plist;
				LD_RUNPATH_SEARCH_PATHS = "$(inherited) @executable_path/Frameworks";
				PRODUCT_NAME = "$(TARGET_NAME)";
			};
			name = Release;
		};
		3CCF45D31AB279430033DD45 /* Debug */ = {
			isa = XCBuildConfiguration;
			buildSettings = {
				BUNDLE_LOADER = "$(TEST_HOST)";
				FRAMEWORK_SEARCH_PATHS = (
					"$(SDKROOT)/Developer/Library/Frameworks",
					"$(inherited)",
				);
				GCC_PREPROCESSOR_DEFINITIONS = (
					"DEBUG=1",
					"$(inherited)",
				);
				INFOPLIST_FILE = MyContactsTests/Info.plist;
				LD_RUNPATH_SEARCH_PATHS = "$(inherited) @executable_path/Frameworks @loader_path/Frameworks";
				PRODUCT_NAME = "$(TARGET_NAME)";
				TEST_HOST = "$(BUILT_PRODUCTS_DIR)/MyContacts.app/MyContacts";
			};
			name = Debug;
		};
		3CCF45D41AB279430033DD45 /* Release */ = {
			isa = XCBuildConfiguration;
			buildSettings = {
				BUNDLE_LOADER = "$(TEST_HOST)";
				FRAMEWORK_SEARCH_PATHS = (
					"$(SDKROOT)/Developer/Library/Frameworks",
					"$(inherited)",
				);
				INFOPLIST_FILE = MyContactsTests/Info.plist;
				LD_RUNPATH_SEARCH_PATHS = "$(inherited) @executable_path/Frameworks @loader_path/Frameworks";
				PRODUCT_NAME = "$(TARGET_NAME)";
				TEST_HOST = "$(BUILT_PRODUCTS_DIR)/MyContacts.app/MyContacts";
			};
			name = Release;
		};
/* End XCBuildConfiguration section */

/* Begin XCConfigurationList section */
		3CCF45AB1AB279430033DD45 /* Build configuration list for PBXProject "MyContacts" */ = {
			isa = XCConfigurationList;
			buildConfigurations = (
				3CCF45CD1AB279430033DD45 /* Debug */,
				3CCF45CE1AB279430033DD45 /* Release */,
			);
			defaultConfigurationIsVisible = 0;
			defaultConfigurationName = Release;
		};
		3CCF45CF1AB279430033DD45 /* Build configuration list for PBXNativeTarget "MyContacts" */ = {
			isa = XCConfigurationList;
			buildConfigurations = (
				3CCF45D01AB279430033DD45 /* Debug */,
				3CCF45D11AB279430033DD45 /* Release */,
			);
			defaultConfigurationIsVisible = 0;
		};
		3CCF45D21AB279430033DD45 /* Build configuration list for PBXNativeTarget "MyContactsTests" */ = {
			isa = XCConfigurationList;
			buildConfigurations = (
				3CCF45D31AB279430033DD45 /* Debug */,
				3CCF45D41AB279430033DD45 /* Release */,
			);
			defaultConfigurationIsVisible = 0;
		};
/* End XCConfigurationList section */
	};
	rootObject = 3CCF45A81AB279430033DD45 /* Project object */;
}
